
Microsoft Visual Studio Solution File, Format Version 12.00
# Visual Studio Version 17
VisualStudioVersion = 17.1.32407.343
MinimumVisualStudioVersion = 10.0.40219.1
Project("{FAE04EC0-301F-11D3-BF4B-00C04F79EFBC}") = "WordWrapper", "WordWrapper\WordWrapper.csproj", "{CF5355B8-E22C-43AE-A8D5-253CDCF899CD}"
EndProject
Project("{FAE04EC0-301F-11D3-BF4B-00C04F79EFBC}") = "MenuBuilder", "MenuBuilder\MenuBuilder.csproj", "{47037928-AD01-4C23-B645-3B49369807EF}"
EndProject
Project("{FAE04EC0-301F-11D3-BF4B-00C04F79EFBC}") = "PrivateInputEngine", "PrivateInputEngine\PrivateInputEngine.csproj", "{FE2B01B7-61D1-469A-974C-042C1BFA9088}"
EndProject
Project("{FAE04EC0-301F-11D3-BF4B-00C04F79EFBC}") = "TitleDraw", "TitleDraw\TitleDraw.csproj", "{64A0475F-8B1F-4559-A7D1-D9507C1BF83C}"
EndProject
Project("{FAE04EC0-301F-11D3-BF4B-00C04F79EFBC}") = "PatternFinder", "PatternFinder\PatternFinder.csproj", "{BDF29D7F-442A-451E-9E93-47923B454054}"
EndProject
Project("{FAE04EC0-301F-11D3-BF4B-00C04F79EFBC}") = "RandomIDGenerator", "RandomIDGenerator\RandomIDGenerator.csproj", "{E7387AC3-C3E7-468E-9D9C-1E5D231D92D1}"
EndProject
Project("{FAE04EC0-301F-11D3-BF4B-00C04F79EFBC}") = "ImportDataCSV", "ImportDataCSV\ImportDataCSV.csproj", "{8FB6B135-60D7-4047-B7D5-87C66B4123AC}"
EndProject
Project("{9A19103F-16F7-4668-BE54-9A1E7A4F7556}") = "PasswordCalculator", "PasswordCalculator\PasswordCalculator.csproj", "{C87494AE-267F-4C6C-812D-474A60C87625}"
EndProject
Project("{FAE04EC0-301F-11D3-BF4B-00C04F79EFBC}") = "GibberishGenerator", "GibberishGenerator\GibberishGenerator.csproj", "{C1552063-82BD-47E9-97D7-D1EA78B73289}"
EndProject
Global
	GlobalSection(SolutionConfigurationPlatforms) = preSolution
		Debug|Any CPU = Debug|Any CPU
		Release|Any CPU = Release|Any CPU
	EndGlobalSection
	GlobalSection(ProjectConfigurationPlatforms) = postSolution
		{CF5355B8-E22C-43AE-A8D5-253CDCF899CD}.Debug|Any CPU.ActiveCfg = Debug|Any CPU
		{CF5355B8-E22C-43AE-A8D5-253CDCF899CD}.Debug|Any CPU.Build.0 = Debug|Any CPU
		{CF5355B8-E22C-43AE-A8D5-253CDCF899CD}.Release|Any CPU.ActiveCfg = Release|Any CPU
		{CF5355B8-E22C-43AE-A8D5-253CDCF899CD}.Release|Any CPU.Build.0 = Release|Any CPU
		{47037928-AD01-4C23-B645-3B49369807EF}.Debug|Any CPU.ActiveCfg = Debug|Any CPU
		{47037928-AD01-4C23-B645-3B49369807EF}.Debug|Any CPU.Build.0 = Debug|Any CPU
		{47037928-AD01-4C23-B645-3B49369807EF}.Release|Any CPU.ActiveCfg = Release|Any CPU
		{47037928-AD01-4C23-B645-3B49369807EF}.Release|Any CPU.Build.0 = Release|Any CPU
		{FE2B01B7-61D1-469A-974C-042C1BFA9088}.Debug|Any CPU.ActiveCfg = Debug|Any CPU
		{FE2B01B7-61D1-469A-974C-042C1BFA9088}.Debug|Any CPU.Build.0 = Debug|Any CPU
		{FE2B01B7-61D1-469A-974C-042C1BFA9088}.Release|Any CPU.ActiveCfg = Release|Any CPU
		{FE2B01B7-61D1-469A-974C-042C1BFA9088}.Release|Any CPU.Build.0 = Release|Any CPU
		{64A0475F-8B1F-4559-A7D1-D9507C1BF83C}.Debug|Any CPU.ActiveCfg = Debug|Any CPU
		{64A0475F-8B1F-4559-A7D1-D9507C1BF83C}.Debug|Any CPU.Build.0 = Debug|Any CPU
		{64A0475F-8B1F-4559-A7D1-D9507C1BF83C}.Release|Any CPU.ActiveCfg = Release|Any CPU
		{64A0475F-8B1F-4559-A7D1-D9507C1BF83C}.Release|Any CPU.Build.0 = Release|Any CPU
		{BDF29D7F-442A-451E-9E93-47923B454054}.Debug|Any CPU.ActiveCfg = Debug|Any CPU
		{BDF29D7F-442A-451E-9E93-47923B454054}.Debug|Any CPU.Build.0 = Debug|Any CPU
		{BDF29D7F-442A-451E-9E93-47923B454054}.Release|Any CPU.ActiveCfg = Release|Any CPU
		{BDF29D7F-442A-451E-9E93-47923B454054}.Release|Any CPU.Build.0 = Release|Any CPU
		{E7387AC3-C3E7-468E-9D9C-1E5D231D92D1}.Debug|Any CPU.ActiveCfg = Debug|Any CPU
		{E7387AC3-C3E7-468E-9D9C-1E5D231D92D1}.Debug|Any CPU.Build.0 = Debug|Any CPU
		{E7387AC3-C3E7-468E-9D9C-1E5D231D92D1}.Release|Any CPU.ActiveCfg = Release|Any CPU
		{E7387AC3-C3E7-468E-9D9C-1E5D231D92D1}.Release|Any CPU.Build.0 = Release|Any CPU
		{8FB6B135-60D7-4047-B7D5-87C66B4123AC}.Debug|Any CPU.ActiveCfg = Debug|Any CPU
		{8FB6B135-60D7-4047-B7D5-87C66B4123AC}.Debug|Any CPU.Build.0 = Debug|Any CPU
		{8FB6B135-60D7-4047-B7D5-87C66B4123AC}.Release|Any CPU.ActiveCfg = Release|Any CPU
		{8FB6B135-60D7-4047-B7D5-87C66B4123AC}.Release|Any CPU.Build.0 = Release|Any CPU
		{C87494AE-267F-4C6C-812D-474A60C87625}.Debug|Any CPU.ActiveCfg = Debug|Any CPU
		{C87494AE-267F-4C6C-812D-474A60C87625}.Debug|Any CPU.Build.0 = Debug|Any CPU
		{C87494AE-267F-4C6C-812D-474A60C87625}.Release|Any CPU.ActiveCfg = Release|Any CPU
		{C87494AE-267F-4C6C-812D-474A60C87625}.Release|Any CPU.Build.0 = Release|Any CPU
		{C1552063-82BD-47E9-97D7-D1EA78B73289}.Debug|Any CPU.ActiveCfg = Debug|Any CPU
		{C1552063-82BD-47E9-97D7-D1EA78B73289}.Debug|Any CPU.Build.0 = Debug|Any CPU
		{C1552063-82BD-47E9-97D7-D1EA78B73289}.Release|Any CPU.ActiveCfg = Release|Any CPU
		{C1552063-82BD-47E9-97D7-D1EA78B73289}.Release|Any CPU.Build.0 = Release|Any CPU
	EndGlobalSection
	GlobalSection(SolutionProperties) = preSolution
		HideSolutionNode = FALSE
	EndGlobalSection
	GlobalSection(ExtensibilityGlobals) = postSolution
		SolutionGuid = {296B9411-8E4F-421F-8FA0-247AD0D53FAE}
	EndGlobalSection
EndGlobal
